
Microsoft Visual Studio Solution File, Format Version 12.00
# Visual Studio Version 17
VisualStudioVersion = 17.5.002.0
MinimumVisualStudioVersion = 10.0.40219.1
Project("{9A19103F-16F7-4668-BE54-9A1E7A4F7556}") = "Journal", "Journal\Journal.csproj", "{63C63D01-0F0D-4FDA-9D88-CBE90A0AD9C4}"
EndProject
Global
	GlobalSection(SolutionConfigurationPlatforms) = preSolution
		Debug|Any CPU = Debug|Any CPU
		Release|Any CPU = Release|Any CPU
	EndGlobalSection
	GlobalSection(ProjectConfigurationPlatforms) = postSolution
		{63C63D01-0F0D-4FDA-9D88-CBE90A0AD9C4}.Debug|Any CPU.ActiveCfg = Debug|Any CPU
		{63C63D01-0F0D-4FDA-9D88-CBE90A0AD9C4}.Debug|Any CPU.Build.0 = Debug|Any CPU
		{63C63D01-0F0D-4FDA-9D88-CBE90A0AD9C4}.Release|Any CPU.ActiveCfg = Release|Any CPU
		{63C63D01-0F0D-4FDA-9D88-CBE90A0AD9C4}.Release|Any CPU.Build.0 = Release|Any CPU
	EndGlobalSection
	GlobalSection(SolutionProperties) = preSolution
		HideSolutionNode = FALSE
	EndGlobalSection
	GlobalSection(ExtensibilityGlobals) = postSolution
		SolutionGuid = {33251015-EA2C-4649-9BB9-4FF434560CCF}
	EndGlobalSection
EndGlobal
